
Microsoft Visual Studio Solution File, Format Version 12.00
# Visual Studio Version 16
VisualStudioVersion = 16.0.31313.79
MinimumVisualStudioVersion = 10.0.40219.1
Project("{FAE04EC0-301F-11D3-BF4B-00C04F79EFBC}") = "BDVR Dedicated Server", "BDVR Dedicated Server\BDVR Dedicated Server.csproj", "{A3F14380-B2E3-4E43-8661-7CFA355F5F5E}"
EndProject
Global
	GlobalSection(SolutionConfigurationPlatforms) = preSolution
		Debug|Any CPU = Debug|Any CPU
		Release|Any CPU = Release|Any CPU
	EndGlobalSection
	GlobalSection(ProjectConfigurationPlatforms) = postSolution
		{A3F14380-B2E3-4E43-8661-7CFA355F5F5E}.Debug|Any CPU.ActiveCfg = Debug|Any CPU
		{A3F14380-B2E3-4E43-8661-7CFA355F5F5E}.Debug|Any CPU.Build.0 = Debug|Any CPU
		{A3F14380-B2E3-4E43-8661-7CFA355F5F5E}.Release|Any CPU.ActiveCfg = Release|Any CPU
		{A3F14380-B2E3-4E43-8661-7CFA355F5F5E}.Release|Any CPU.Build.0 = Release|Any CPU
	EndGlobalSection
	GlobalSection(SolutionProperties) = preSolution
		HideSolutionNode = FALSE
	EndGlobalSection
	GlobalSection(ExtensibilityGlobals) = postSolution
		SolutionGuid = {57B7C53A-409A-405E-8287-4AFBFAD65347}
	EndGlobalSection
EndGlobal
