
Microsoft Visual Studio Solution File, Format Version 12.00
# Visual Studio Version 16
VisualStudioVersion = 16.0.31313.79
MinimumVisualStudioVersion = 10.0.40219.1
Project("{9A19103F-16F7-4668-BE54-9A1E7A4F7556}") = "BDVR Dedicated Server", "BDVR Dedicated Server.csproj", "{BC1FCE23-EAEB-4ED1-B1E3-AA416CFFE416}"
EndProject
Global
	GlobalSection(SolutionConfigurationPlatforms) = preSolution
		Debug|Any CPU = Debug|Any CPU
		Release|Any CPU = Release|Any CPU
	EndGlobalSection
	GlobalSection(ProjectConfigurationPlatforms) = postSolution
		{BC1FCE23-EAEB-4ED1-B1E3-AA416CFFE416}.Debug|Any CPU.ActiveCfg = Debug|Any CPU
		{BC1FCE23-EAEB-4ED1-B1E3-AA416CFFE416}.Debug|Any CPU.Build.0 = Debug|Any CPU
		{BC1FCE23-EAEB-4ED1-B1E3-AA416CFFE416}.Release|Any CPU.ActiveCfg = Release|Any CPU
		{BC1FCE23-EAEB-4ED1-B1E3-AA416CFFE416}.Release|Any CPU.Build.0 = Release|Any CPU
	EndGlobalSection
	GlobalSection(SolutionProperties) = preSolution
		HideSolutionNode = FALSE
	EndGlobalSection
	GlobalSection(ExtensibilityGlobals) = postSolution
		SolutionGuid = {74DAA807-94C3-480B-94E7-8D8AD1B48404}
	EndGlobalSection
EndGlobal
